// !$*UTF8*$!
{
	archiveVersion = 1;
	classes = {
	};
	objectVersion = 56;
	objects = {

/* Begin PBXBuildFile section */
		931953482C4396A6007B5121 /* SimpleFileOrgniserApp.swift in Sources */ = {isa = PBXBuildFile; fileRef = 931953472C4396A6007B5121 /* SimpleFileOrgniserApp.swift */; };
		9319534A2C4398B8007B5121 /* BlurredBackgroundView.swift in Sources */ = {isa = PBXBuildFile; fileRef = 931953492C4398B8007B5121 /* BlurredBackgroundView.swift */; };
		9319534F2C43ABD4007B5121 /* SimpleFileOrganiserUITests.swift in Sources */ = {isa = PBXBuildFile; fileRef = 9321964B2C40125900EAA00E /* SimpleFileOrganiserUITests.swift */; };
		931953502C43ABD7007B5121 /* SimpleFileOrganiserUITestsLaunchTests.swift in Sources */ = {isa = PBXBuildFile; fileRef = 9321964D2C40125900EAA00E /* SimpleFileOrganiserUITestsLaunchTests.swift */; };
		932196322C40125700EAA00E /* ContentView.swift in Sources */ = {isa = PBXBuildFile; fileRef = 932196312C40125700EAA00E /* ContentView.swift */; };
		932196342C40125900EAA00E /* Assets.xcassets in Resources */ = {isa = PBXBuildFile; fileRef = 932196332C40125900EAA00E /* Assets.xcassets */; };
		932196372C40125900EAA00E /* Preview Assets.xcassets in Resources */ = {isa = PBXBuildFile; fileRef = 932196362C40125900EAA00E /* Preview Assets.xcassets */; };
		932196422C40125900EAA00E /* SimpleFileOrganiserTests.swift in Sources */ = {isa = PBXBuildFile; fileRef = 932196412C40125900EAA00E /* SimpleFileOrganiserTests.swift */; };
		9321965B2C402BF400EAA00E /* FolderMonitor.swift in Sources */ = {isa = PBXBuildFile; fileRef = 9321965A2C402BF400EAA00E /* FolderMonitor.swift */; };
		932196602C42ADBD00EAA00E /* Info.plist in Resources */ = {isa = PBXBuildFile; fileRef = 9321965F2C42ADBD00EAA00E /* Info.plist */; };
		932196642C42D74800EAA00E /* FileMonitor.swift in Sources */ = {isa = PBXBuildFile; fileRef = 932196632C42D74800EAA00E /* FileMonitor.swift */; };
/* End PBXBuildFile section */

/* Begin PBXContainerItemProxy section */
		9321963E2C40125900EAA00E /* PBXContainerItemProxy */ = {
			isa = PBXContainerItemProxy;
			containerPortal = 932196242C40125700EAA00E /* Project object */;
			proxyType = 1;
			remoteGlobalIDString = 9321962B2C40125700EAA00E;
			remoteInfo = SimpleFileOrganiser;
		};
		932196482C40125900EAA00E /* PBXContainerItemProxy */ = {
			isa = PBXContainerItemProxy;
			containerPortal = 932196242C40125700EAA00E /* Project object */;
			proxyType = 1;
			remoteGlobalIDString = 9321962B2C40125700EAA00E;
			remoteInfo = SimpleFileOrganiser;
		};
/* End PBXContainerItemProxy section */

/* Begin PBXFileReference section */
		931953472C4396A6007B5121 /* SimpleFileOrgniserApp.swift */ = {isa = PBXFileReference; lastKnownFileType = sourcecode.swift; path = SimpleFileOrgniserApp.swift; sourceTree = "<group>"; };
		931953492C4398B8007B5121 /* BlurredBackgroundView.swift */ = {isa = PBXFileReference; lastKnownFileType = sourcecode.swift; path = BlurredBackgroundView.swift; sourceTree = "<group>"; };
		9321962C2C40125700EAA00E /* SimpleFileOrganiser.app */ = {isa = PBXFileReference; explicitFileType = wrapper.application; includeInIndex = 0; path = SimpleFileOrganiser.app; sourceTree = BUILT_PRODUCTS_DIR; };
		932196312C40125700EAA00E /* ContentView.swift */ = {isa = PBXFileReference; lastKnownFileType = sourcecode.swift; path = ContentView.swift; sourceTree = "<group>"; };
		932196332C40125900EAA00E /* Assets.xcassets */ = {isa = PBXFileReference; lastKnownFileType = folder.assetcatalog; path = Assets.xcassets; sourceTree = "<group>"; };
		932196362C40125900EAA00E /* Preview Assets.xcassets */ = {isa = PBXFileReference; lastKnownFileType = folder.assetcatalog; path = "Preview Assets.xcassets"; sourceTree = "<group>"; };
		932196382C40125900EAA00E /* SimpleFileOrganiser.entitlements */ = {isa = PBXFileReference; lastKnownFileType = text.plist.entitlements; path = SimpleFileOrganiser.entitlements; sourceTree = "<group>"; };
		9321963D2C40125900EAA00E /* SimpleFileOrganiserTests.xctest */ = {isa = PBXFileReference; explicitFileType = wrapper.cfbundle; includeInIndex = 0; path = SimpleFileOrganiserTests.xctest; sourceTree = BUILT_PRODUCTS_DIR; };
		932196412C40125900EAA00E /* SimpleFileOrganiserTests.swift */ = {isa = PBXFileReference; lastKnownFileType = sourcecode.swift; path = SimpleFileOrganiserTests.swift; sourceTree = "<group>"; };
		932196472C40125900EAA00E /* SimpleFileOrganiserUITests.xctest */ = {isa = PBXFileReference; explicitFileType = wrapper.cfbundle; includeInIndex = 0; path = SimpleFileOrganiserUITests.xctest; sourceTree = BUILT_PRODUCTS_DIR; };
		9321964B2C40125900EAA00E /* SimpleFileOrganiserUITests.swift */ = {isa = PBXFileReference; lastKnownFileType = sourcecode.swift; path = SimpleFileOrganiserUITests.swift; sourceTree = "<group>"; };
		9321964D2C40125900EAA00E /* SimpleFileOrganiserUITestsLaunchTests.swift */ = {isa = PBXFileReference; lastKnownFileType = sourcecode.swift; path = SimpleFileOrganiserUITestsLaunchTests.swift; sourceTree = "<group>"; };
		9321965A2C402BF400EAA00E /* FolderMonitor.swift */ = {isa = PBXFileReference; lastKnownFileType = sourcecode.swift; path = FolderMonitor.swift; sourceTree = "<group>"; };
		9321965E2C40313500EAA00E /* SimpleFileOrganiser.entitlements */ = {isa = PBXFileReference; lastKnownFileType = text.plist.entitlements; path = SimpleFileOrganiser.entitlements; sourceTree = "<group>"; };
		9321965F2C42ADBD00EAA00E /* Info.plist */ = {isa = PBXFileReference; lastKnownFileType = text.plist.xml; path = Info.plist; sourceTree = "<group>"; };
		932196632C42D74800EAA00E /* FileMonitor.swift */ = {isa = PBXFileReference; lastKnownFileType = sourcecode.swift; path = FileMonitor.swift; sourceTree = "<group>"; };
/* End PBXFileReference section */

/* Begin PBXFrameworksBuildPhase section */
		932196292C40125700EAA00E /* Frameworks */ = {
			isa = PBXFrameworksBuildPhase;
			buildActionMask = 2147483647;
			files = (
			);
			runOnlyForDeploymentPostprocessing = 0;
		};
		9321963A2C40125900EAA00E /* Frameworks */ = {
			isa = PBXFrameworksBuildPhase;
			buildActionMask = 2147483647;
			files = (
			);
			runOnlyForDeploymentPostprocessing = 0;
		};
		932196442C40125900EAA00E /* Frameworks */ = {
			isa = PBXFrameworksBuildPhase;
			buildActionMask = 2147483647;
			files = (
			);
			runOnlyForDeploymentPostprocessing = 0;
		};
/* End PBXFrameworksBuildPhase section */

/* Begin PBXGroup section */
		9319534C2C43AB45007B5121 /* View */ = {
			isa = PBXGroup;
			children = (
				932196312C40125700EAA00E /* ContentView.swift */,
				931953492C4398B8007B5121 /* BlurredBackgroundView.swift */,
				931953472C4396A6007B5121 /* SimpleFileOrgniserApp.swift */,
			);
			path = View;
			sourceTree = "<group>";
		};
		9319534D2C43AB7E007B5121 /* BackLog */ = {
			isa = PBXGroup;
			children = (
				9321965E2C40313500EAA00E /* SimpleFileOrganiser.entitlements */,
				9321965A2C402BF400EAA00E /* FolderMonitor.swift */,
				932196632C42D74800EAA00E /* FileMonitor.swift */,
				9321965F2C42ADBD00EAA00E /* Info.plist */,
			);
			path = BackLog;
			sourceTree = "<group>";
		};
		9319534E2C43ABCB007B5121 /* Tests */ = {
			isa = PBXGroup;
			children = (
				9321964D2C40125900EAA00E /* SimpleFileOrganiserUITestsLaunchTests.swift */,
				9321964B2C40125900EAA00E /* SimpleFileOrganiserUITests.swift */,
				932196412C40125900EAA00E /* SimpleFileOrganiserTests.swift */,
			);
			path = Tests;
			sourceTree = "<group>";
		};
		931953512C43ABEE007B5121 /* Assets */ = {
			isa = PBXGroup;
			children = (
				932196332C40125900EAA00E /* Assets.xcassets */,
				932196382C40125900EAA00E /* SimpleFileOrganiser.entitlements */,
				932196352C40125900EAA00E /* Preview Content */,
			);
			path = Assets;
			sourceTree = "<group>";
		};
		932196232C40125700EAA00E = {
			isa = PBXGroup;
			children = (
				931953512C43ABEE007B5121 /* Assets */,
				9319534E2C43ABCB007B5121 /* Tests */,
				9319534D2C43AB7E007B5121 /* BackLog */,
				9319534C2C43AB45007B5121 /* View */,
				9321962D2C40125700EAA00E /* Products */,
			);
			sourceTree = "<group>";
		};
		9321962D2C40125700EAA00E /* Products */ = {
			isa = PBXGroup;
			children = (
				9321962C2C40125700EAA00E /* SimpleFileOrganiser.app */,
				9321963D2C40125900EAA00E /* SimpleFileOrganiserTests.xctest */,
				932196472C40125900EAA00E /* SimpleFileOrganiserUITests.xctest */,
			);
			name = Products;
			sourceTree = "<group>";
		};
		932196352C40125900EAA00E /* Preview Content */ = {
			isa = PBXGroup;
			children = (
				932196362C40125900EAA00E /* Preview Assets.xcassets */,
			);
			path = "Preview Content";
			sourceTree = "<group>";
		};
/* End PBXGroup section */

/* Begin PBXNativeTarget section */
		9321962B2C40125700EAA00E /* SimpleFileOrganiser */ = {
			isa = PBXNativeTarget;
			buildConfigurationList = 932196512C40125900EAA00E /* Build configuration list for PBXNativeTarget "SimpleFileOrganiser" */;
			buildPhases = (
				932196282C40125700EAA00E /* Sources */,
				932196292C40125700EAA00E /* Frameworks */,
				9321962A2C40125700EAA00E /* Resources */,
			);
			buildRules = (
			);
			dependencies = (
			);
			name = SimpleFileOrganiser;
			productName = SimpleFileOrganiser;
			productReference = 9321962C2C40125700EAA00E /* SimpleFileOrganiser.app */;
			productType = "com.apple.product-type.application";
		};
		9321963C2C40125900EAA00E /* SimpleFileOrganiserTests */ = {
			isa = PBXNativeTarget;
			buildConfigurationList = 932196542C40125900EAA00E /* Build configuration list for PBXNativeTarget "SimpleFileOrganiserTests" */;
			buildPhases = (
				932196392C40125900EAA00E /* Sources */,
				9321963A2C40125900EAA00E /* Frameworks */,
				9321963B2C40125900EAA00E /* Resources */,
			);
			buildRules = (
			);
			dependencies = (
				9321963F2C40125900EAA00E /* PBXTargetDependency */,
			);
			name = SimpleFileOrganiserTests;
			productName = SimpleFileOrganiserTests;
			productReference = 9321963D2C40125900EAA00E /* SimpleFileOrganiserTests.xctest */;
			productType = "com.apple.product-type.bundle.unit-test";
		};
		932196462C40125900EAA00E /* SimpleFileOrganiserUITests */ = {
			isa = PBXNativeTarget;
			buildConfigurationList = 932196572C40125900EAA00E /* Build configuration list for PBXNativeTarget "SimpleFileOrganiserUITests" */;
			buildPhases = (
				932196432C40125900EAA00E /* Sources */,
				932196442C40125900EAA00E /* Frameworks */,
				932196452C40125900EAA00E /* Resources */,
			);
			buildRules = (
			);
			dependencies = (
				932196492C40125900EAA00E /* PBXTargetDependency */,
			);
			name = SimpleFileOrganiserUITests;
			productName = SimpleFileOrganiserUITests;
			productReference = 932196472C40125900EAA00E /* SimpleFileOrganiserUITests.xctest */;
			productType = "com.apple.product-type.bundle.ui-testing";
		};
/* End PBXNativeTarget section */

/* Begin PBXProject section */
		932196242C40125700EAA00E /* Project object */ = {
			isa = PBXProject;
			attributes = {
				BuildIndependentTargetsInParallel = 1;
				LastSwiftUpdateCheck = 1540;
				LastUpgradeCheck = 1540;
				TargetAttributes = {
					9321962B2C40125700EAA00E = {
						CreatedOnToolsVersion = 15.4;
					};
					9321963C2C40125900EAA00E = {
						CreatedOnToolsVersion = 15.4;
						TestTargetID = 9321962B2C40125700EAA00E;
					};
					932196462C40125900EAA00E = {
						CreatedOnToolsVersion = 15.4;
						TestTargetID = 9321962B2C40125700EAA00E;
					};
				};
			};
			buildConfigurationList = 932196272C40125700EAA00E /* Build configuration list for PBXProject "SimpleFileOrganiser" */;
			compatibilityVersion = "Xcode 14.0";
			developmentRegion = en;
			hasScannedForEncodings = 0;
			knownRegions = (
				en,
				Base,
			);
			mainGroup = 932196232C40125700EAA00E;
			productRefGroup = 9321962D2C40125700EAA00E /* Products */;
			projectDirPath = "";
			projectRoot = "";
			targets = (
				9321962B2C40125700EAA00E /* SimpleFileOrganiser */,
				9321963C2C40125900EAA00E /* SimpleFileOrganiserTests */,
				932196462C40125900EAA00E /* SimpleFileOrganiserUITests */,
			);
		};
/* End PBXProject section */

/* Begin PBXResourcesBuildPhase section */
		9321962A2C40125700EAA00E /* Resources */ = {
			isa = PBXResourcesBuildPhase;
			buildActionMask = 2147483647;
			files = (
				932196372C40125900EAA00E /* Preview Assets.xcassets in Resources */,
				932196342C40125900EAA00E /* Assets.xcassets in Resources */,
				932196602C42ADBD00EAA00E /* Info.plist in Resources */,
			);
			runOnlyForDeploymentPostprocessing = 0;
		};
		9321963B2C40125900EAA00E /* Resources */ = {
			isa = PBXResourcesBuildPhase;
			buildActionMask = 2147483647;
			files = (
			);
			runOnlyForDeploymentPostprocessing = 0;
		};
		932196452C40125900EAA00E /* Resources */ = {
			isa = PBXResourcesBuildPhase;
			buildActionMask = 2147483647;
			files = (
			);
			runOnlyForDeploymentPostprocessing = 0;
		};
/* End PBXResourcesBuildPhase section */

/* Begin PBXSourcesBuildPhase section */
		932196282C40125700EAA00E /* Sources */ = {
			isa = PBXSourcesBuildPhase;
			buildActionMask = 2147483647;
			files = (
				932196642C42D74800EAA00E /* FileMonitor.swift in Sources */,
				932196322C40125700EAA00E /* ContentView.swift in Sources */,
				9319534A2C4398B8007B5121 /* BlurredBackgroundView.swift in Sources */,
				931953482C4396A6007B5121 /* SimpleFileOrgniserApp.swift in Sources */,
				9321965B2C402BF400EAA00E /* FolderMonitor.swift in Sources */,
			);
			runOnlyForDeploymentPostprocessing = 0;
		};
		932196392C40125900EAA00E /* Sources */ = {
			isa = PBXSourcesBuildPhase;
			buildActionMask = 2147483647;
			files = (
				9319534F2C43ABD4007B5121 /* SimpleFileOrganiserUITests.swift in Sources */,
				932196422C40125900EAA00E /* SimpleFileOrganiserTests.swift in Sources */,
				931953502C43ABD7007B5121 /* SimpleFileOrganiserUITestsLaunchTests.swift in Sources */,
			);
			runOnlyForDeploymentPostprocessing = 0;
		};
		932196432C40125900EAA00E /* Sources */ = {
			isa = PBXSourcesBuildPhase;
			buildActionMask = 2147483647;
			files = (
			);
			runOnlyForDeploymentPostprocessing = 0;
		};
/* End PBXSourcesBuildPhase section */

/* Begin PBXTargetDependency section */
		9321963F2C40125900EAA00E /* PBXTargetDependency */ = {
			isa = PBXTargetDependency;
			target = 9321962B2C40125700EAA00E /* SimpleFileOrganiser */;
			targetProxy = 9321963E2C40125900EAA00E /* PBXContainerItemProxy */;
		};
		932196492C40125900EAA00E /* PBXTargetDependency */ = {
			isa = PBXTargetDependency;
			target = 9321962B2C40125700EAA00E /* SimpleFileOrganiser */;
			targetProxy = 932196482C40125900EAA00E /* PBXContainerItemProxy */;
		};
/* End PBXTargetDependency section */

/* Begin XCBuildConfiguration section */
		9321964F2C40125900EAA00E /* Debug */ = {
			isa = XCBuildConfiguration;
			buildSettings = {
				ALWAYS_SEARCH_USER_PATHS = NO;
				ASSETCATALOG_COMPILER_GENERATE_SWIFT_ASSET_SYMBOL_EXTENSIONS = YES;
				CLANG_ANALYZER_NONNULL = YES;
				CLANG_ANALYZER_NUMBER_OBJECT_CONVERSION = YES_AGGRESSIVE;
				CLANG_CXX_LANGUAGE_STANDARD = "gnu++20";
				CLANG_ENABLE_MODULES = YES;
				CLANG_ENABLE_OBJC_ARC = YES;
				CLANG_ENABLE_OBJC_WEAK = YES;
				CLANG_WARN_BLOCK_CAPTURE_AUTORELEASING = YES;
				CLANG_WARN_BOOL_CONVERSION = YES;
				CLANG_WARN_COMMA = YES;
				CLANG_WARN_CONSTANT_CONVERSION = YES;
				CLANG_WARN_DEPRECATED_OBJC_IMPLEMENTATIONS = YES;
				CLANG_WARN_DIRECT_OBJC_ISA_USAGE = YES_ERROR;
				CLANG_WARN_DOCUMENTATION_COMMENTS = YES;
				CLANG_WARN_EMPTY_BODY = YES;
				CLANG_WARN_ENUM_CONVERSION = YES;
				CLANG_WARN_INFINITE_RECURSION = YES;
				CLANG_WARN_INT_CONVERSION = YES;
				CLANG_WARN_NON_LITERAL_NULL_CONVERSION = YES;
				CLANG_WARN_OBJC_IMPLICIT_RETAIN_SELF = YES;
				CLANG_WARN_OBJC_LITERAL_CONVERSION = YES;
				CLANG_WARN_OBJC_ROOT_CLASS = YES_ERROR;
				CLANG_WARN_QUOTED_INCLUDE_IN_FRAMEWORK_HEADER = YES;
				CLANG_WARN_RANGE_LOOP_ANALYSIS = YES;
				CLANG_WARN_STRICT_PROTOTYPES = YES;
				CLANG_WARN_SUSPICIOUS_MOVE = YES;
				CLANG_WARN_UNGUARDED_AVAILABILITY = YES_AGGRESSIVE;
				CLANG_WARN_UNREACHABLE_CODE = YES;
				CLANG_WARN__DUPLICATE_METHOD_MATCH = YES;
				COPY_PHASE_STRIP = NO;
				DEBUG_INFORMATION_FORMAT = dwarf;
				ENABLE_STRICT_OBJC_MSGSEND = YES;
				ENABLE_TESTABILITY = YES;
				ENABLE_USER_SCRIPT_SANDBOXING = YES;
				GCC_C_LANGUAGE_STANDARD = gnu17;
				GCC_DYNAMIC_NO_PIC = NO;
				GCC_NO_COMMON_BLOCKS = YES;
				GCC_OPTIMIZATION_LEVEL = 0;
				GCC_PREPROCESSOR_DEFINITIONS = (
					"DEBUG=1",
					"$(inherited)",
				);
				GCC_WARN_64_TO_32_BIT_CONVERSION = YES;
				GCC_WARN_ABOUT_RETURN_TYPE = YES_ERROR;
				GCC_WARN_UNDECLARED_SELECTOR = YES;
				GCC_WARN_UNINITIALIZED_AUTOS = YES_AGGRESSIVE;
				GCC_WARN_UNUSED_FUNCTION = YES;
				GCC_WARN_UNUSED_VARIABLE = YES;
				LOCALIZATION_PREFERS_STRING_CATALOGS = YES;
				MACOSX_DEPLOYMENT_TARGET = 14.5;
				MTL_ENABLE_DEBUG_INFO = INCLUDE_SOURCE;
				MTL_FAST_MATH = YES;
				ONLY_ACTIVE_ARCH = YES;
				SDKROOT = macosx;
				SWIFT_ACTIVE_COMPILATION_CONDITIONS = "DEBUG $(inherited)";
				SWIFT_OPTIMIZATION_LEVEL = "-Onone";
			};
			name = Debug;
		};
		932196502C40125900EAA00E /* Release */ = {
			isa = XCBuildConfiguration;
			buildSettings = {
				ALWAYS_SEARCH_USER_PATHS = NO;
				ASSETCATALOG_COMPILER_GENERATE_SWIFT_ASSET_SYMBOL_EXTENSIONS = YES;
				CLANG_ANALYZER_NONNULL = YES;
				CLANG_ANALYZER_NUMBER_OBJECT_CONVERSION = YES_AGGRESSIVE;
				CLANG_CXX_LANGUAGE_STANDARD = "gnu++20";
				CLANG_ENABLE_MODULES = YES;
				CLANG_ENABLE_OBJC_ARC = YES;
				CLANG_ENABLE_OBJC_WEAK = YES;
				CLANG_WARN_BLOCK_CAPTURE_AUTORELEASING = YES;
				CLANG_WARN_BOOL_CONVERSION = YES;
				CLANG_WARN_COMMA = YES;
				CLANG_WARN_CONSTANT_CONVERSION = YES;
				CLANG_WARN_DEPRECATED_OBJC_IMPLEMENTATIONS = YES;
				CLANG_WARN_DIRECT_OBJC_ISA_USAGE = YES_ERROR;
				CLANG_WARN_DOCUMENTATION_COMMENTS = YES;
				CLANG_WARN_EMPTY_BODY = YES;
				CLANG_WARN_ENUM_CONVERSION = YES;
				CLANG_WARN_INFINITE_RECURSION = YES;
				CLANG_WARN_INT_CONVERSION = YES;
				CLANG_WARN_NON_LITERAL_NULL_CONVERSION = YES;
				CLANG_WARN_OBJC_IMPLICIT_RETAIN_SELF = YES;
				CLANG_WARN_OBJC_LITERAL_CONVERSION = YES;
				CLANG_WARN_OBJC_ROOT_CLASS = YES_ERROR;
				CLANG_WARN_QUOTED_INCLUDE_IN_FRAMEWORK_HEADER = YES;
				CLANG_WARN_RANGE_LOOP_ANALYSIS = YES;
				CLANG_WARN_STRICT_PROTOTYPES = YES;
				CLANG_WARN_SUSPICIOUS_MOVE = YES;
				CLANG_WARN_UNGUARDED_AVAILABILITY = YES_AGGRESSIVE;
				CLANG_WARN_UNREACHABLE_CODE = YES;
				CLANG_WARN__DUPLICATE_METHOD_MATCH = YES;
				COPY_PHASE_STRIP = NO;
				DEBUG_INFORMATION_FORMAT = "dwarf-with-dsym";
				ENABLE_NS_ASSERTIONS = NO;
				ENABLE_STRICT_OBJC_MSGSEND = YES;
				ENABLE_USER_SCRIPT_SANDBOXING = YES;
				GCC_C_LANGUAGE_STANDARD = gnu17;
				GCC_NO_COMMON_BLOCKS = YES;
				GCC_WARN_64_TO_32_BIT_CONVERSION = YES;
				GCC_WARN_ABOUT_RETURN_TYPE = YES_ERROR;
				GCC_WARN_UNDECLARED_SELECTOR = YES;
				GCC_WARN_UNINITIALIZED_AUTOS = YES_AGGRESSIVE;
				GCC_WARN_UNUSED_FUNCTION = YES;
				GCC_WARN_UNUSED_VARIABLE = YES;
				LOCALIZATION_PREFERS_STRING_CATALOGS = YES;
				MACOSX_DEPLOYMENT_TARGET = 14.5;
				MTL_ENABLE_DEBUG_INFO = NO;
				MTL_FAST_MATH = YES;
				SDKROOT = macosx;
				SWIFT_COMPILATION_MODE = wholemodule;
			};
			name = Release;
		};
		932196522C40125900EAA00E /* Debug */ = {
			isa = XCBuildConfiguration;
			buildSettings = {
				ASSETCATALOG_COMPILER_APPICON_NAME = AppIcon;
				ASSETCATALOG_COMPILER_GLOBAL_ACCENT_COLOR_NAME = AccentColor;
				CODE_SIGN_ENTITLEMENTS = "/Users/thorn/Thorn/2 0 2 4/W O R K/P R O G R A M/Swift/SimpleFileOrganiser/BackLog/SimpleFileOrganiser.entitlements";
				CODE_SIGN_IDENTITY = "Apple Development";
				CODE_SIGN_STYLE = Automatic;
				COMBINE_HIDPI_IMAGES = YES;
				CURRENT_PROJECT_VERSION = 1;
				DEVELOPMENT_ASSET_PATHS = "\"Assets/Preview Content\"";
				DEVELOPMENT_TEAM = RUS9PK35W9;
				ENABLE_PREVIEWS = YES;
				GENERATE_INFOPLIST_FILE = YES;
				INFOPLIST_KEY_NSHumanReadableCopyright = "";
				LD_RUNPATH_SEARCH_PATHS = (
					"$(inherited)",
					"@executable_path/../Frameworks",
				);
				MARKETING_VERSION = 1.0;
				PRODUCT_BUNDLE_IDENTIFIER = reuben.SimpleFIleOrganiser;
				PRODUCT_NAME = "$(TARGET_NAME)";
				PROVISIONING_PROFILE_SPECIFIER = "";
				SWIFT_EMIT_LOC_STRINGS = YES;
				SWIFT_VERSION = 5.0;
			};
			name = Debug;
		};
		932196532C40125900EAA00E /* Release */ = {
			isa = XCBuildConfiguration;
			buildSettings = {
				ASSETCATALOG_COMPILER_APPICON_NAME = AppIcon;
				ASSETCATALOG_COMPILER_GLOBAL_ACCENT_COLOR_NAME = AccentColor;
				CODE_SIGN_ENTITLEMENTS = "/Users/thorn/Thorn/2 0 2 4/W O R K/P R O G R A M/Swift/SimpleFileOrganiser/BackLog/SimpleFileOrganiser.entitlements";
				CODE_SIGN_IDENTITY = "Apple Development";
				CODE_SIGN_STYLE = Automatic;
				COMBINE_HIDPI_IMAGES = YES;
				CURRENT_PROJECT_VERSION = 1;
				DEVELOPMENT_ASSET_PATHS = "\"Assets/Preview Content\"";
				DEVELOPMENT_TEAM = RUS9PK35W9;
				ENABLE_PREVIEWS = YES;
				GENERATE_INFOPLIST_FILE = YES;
				INFOPLIST_KEY_NSHumanReadableCopyright = "";
				LD_RUNPATH_SEARCH_PATHS = (
					"$(inherited)",
					"@executable_path/../Frameworks",
				);
				MARKETING_VERSION = 1.0;
				PRODUCT_BUNDLE_IDENTIFIER = reuben.SimpleFIleOrganiser;
				PRODUCT_NAME = "$(TARGET_NAME)";
				PROVISIONING_PROFILE_SPECIFIER = "";
				SWIFT_EMIT_LOC_STRINGS = YES;
				SWIFT_VERSION = 5.0;
			};
			name = Release;
		};
		932196552C40125900EAA00E /* Debug */ = {
			isa = XCBuildConfiguration;
			buildSettings = {
				ALWAYS_EMBED_SWIFT_STANDARD_LIBRARIES = YES;
				BUNDLE_LOADER = "$(TEST_HOST)";
				CODE_SIGN_STYLE = Automatic;
				CURRENT_PROJECT_VERSION = 1;
				GENERATE_INFOPLIST_FILE = YES;
				MACOSX_DEPLOYMENT_TARGET = 14.5;
				MARKETING_VERSION = 1.0;
				PRODUCT_BUNDLE_IDENTIFIER = reuben.SimpleFileOrganiserTests;
				PRODUCT_NAME = "$(TARGET_NAME)";
				SWIFT_EMIT_LOC_STRINGS = NO;
				SWIFT_VERSION = 5.0;
				TEST_HOST = "$(BUILT_PRODUCTS_DIR)/SimpleFileOrganiser.app/$(BUNDLE_EXECUTABLE_FOLDER_PATH)/SimpleFileOrganiser";
			};
			name = Debug;
		};
		932196562C40125900EAA00E /* Release */ = {
			isa = XCBuildConfiguration;
			buildSettings = {
				ALWAYS_EMBED_SWIFT_STANDARD_LIBRARIES = YES;
				BUNDLE_LOADER = "$(TEST_HOST)";
				CODE_SIGN_STYLE = Automatic;
				CURRENT_PROJECT_VERSION = 1;
				GENERATE_INFOPLIST_FILE = YES;
				MACOSX_DEPLOYMENT_TARGET = 14.5;
				MARKETING_VERSION = 1.0;
				PRODUCT_BUNDLE_IDENTIFIER = reuben.SimpleFileOrganiserTests;
				PRODUCT_NAME = "$(TARGET_NAME)";
				SWIFT_EMIT_LOC_STRINGS = NO;
				SWIFT_VERSION = 5.0;
				TEST_HOST = "$(BUILT_PRODUCTS_DIR)/SimpleFileOrganiser.app/$(BUNDLE_EXECUTABLE_FOLDER_PATH)/SimpleFileOrganiser";
			};
			name = Release;
		};
		932196582C40125900EAA00E /* Debug */ = {
			isa = XCBuildConfiguration;
			buildSettings = {
				ALWAYS_EMBED_SWIFT_STANDARD_LIBRARIES = YES;
				CODE_SIGN_STYLE = Automatic;
				CURRENT_PROJECT_VERSION = 1;
				GENERATE_INFOPLIST_FILE = YES;
				MARKETING_VERSION = 1.0;
				PRODUCT_BUNDLE_IDENTIFIER = reuben.SimpleFileOrganiserUITests;
				PRODUCT_NAME = "$(TARGET_NAME)";
				SWIFT_EMIT_LOC_STRINGS = NO;
				SWIFT_VERSION = 5.0;
				TEST_TARGET_NAME = SimpleFileOrganiser;
			};
			name = Debug;
		};
		932196592C40125900EAA00E /* Release */ = {
			isa = XCBuildConfiguration;
			buildSettings = {
				ALWAYS_EMBED_SWIFT_STANDARD_LIBRARIES = YES;
				CODE_SIGN_STYLE = Automatic;
				CURRENT_PROJECT_VERSION = 1;
				GENERATE_INFOPLIST_FILE = YES;
				MARKETING_VERSION = 1.0;
				PRODUCT_BUNDLE_IDENTIFIER = reuben.SimpleFileOrganiserUITests;
				PRODUCT_NAME = "$(TARGET_NAME)";
				SWIFT_EMIT_LOC_STRINGS = NO;
				SWIFT_VERSION = 5.0;
				TEST_TARGET_NAME = SimpleFileOrganiser;
			};
			name = Release;
		};
/* End XCBuildConfiguration section */

/* Begin XCConfigurationList section */
		932196272C40125700EAA00E /* Build configuration list for PBXProject "SimpleFileOrganiser" */ = {
			isa = XCConfigurationList;
			buildConfigurations = (
				9321964F2C40125900EAA00E /* Debug */,
				932196502C40125900EAA00E /* Release */,
			);
			defaultConfigurationIsVisible = 0;
			defaultConfigurationName = Release;
		};
		932196512C40125900EAA00E /* Build configuration list for PBXNativeTarget "SimpleFileOrganiser" */ = {
			isa = XCConfigurationList;
			buildConfigurations = (
				932196522C40125900EAA00E /* Debug */,
				932196532C40125900EAA00E /* Release */,
			);
			defaultConfigurationIsVisible = 0;
			defaultConfigurationName = Release;
		};
		932196542C40125900EAA00E /* Build configuration list for PBXNativeTarget "SimpleFileOrganiserTests" */ = {
			isa = XCConfigurationList;
			buildConfigurations = (
				932196552C40125900EAA00E /* Debug */,
				932196562C40125900EAA00E /* Release */,
			);
			defaultConfigurationIsVisible = 0;
			defaultConfigurationName = Release;
		};
		932196572C40125900EAA00E /* Build configuration list for PBXNativeTarget "SimpleFileOrganiserUITests" */ = {
			isa = XCConfigurationList;
			buildConfigurations = (
				932196582C40125900EAA00E /* Debug */,
				932196592C40125900EAA00E /* Release */,
			);
			defaultConfigurationIsVisible = 0;
			defaultConfigurationName = Release;
		};
/* End XCConfigurationList section */
	};
	rootObject = 932196242C40125700EAA00E /* Project object */;
}
